
Microsoft Visual Studio Solution File, Format Version 12.00
# Visual Studio Version 16
VisualStudioVersion = 16.0.34601.136
MinimumVisualStudioVersion = 10.0.40219.1
Project("{FAE04EC0-301F-11D3-BF4B-00C04F79EFBC}") = "01. Old Books", "01. Old Books\01. Old Books.csproj", "{73285BE3-E3AF-4F3B-8222-6D7712A2E6BB}"
EndProject
Project("{FAE04EC0-301F-11D3-BF4B-00C04F79EFBC}") = "02. Exam Preparation", "02. Exam Preparation\02. Exam Preparation.csproj", "{02661F66-1E34-4A63-B928-0DFF451A0D6C}"
EndProject
Project("{FAE04EC0-301F-11D3-BF4B-00C04F79EFBC}") = "03. Vacation", "03. Vacation\03. Vacation.csproj", "{99756127-00EF-41BD-B411-30CE762F09BF}"
EndProject
Global
	GlobalSection(SolutionConfigurationPlatforms) = preSolution
		Debug|Any CPU = Debug|Any CPU
		Release|Any CPU = Release|Any CPU
	EndGlobalSection
	GlobalSection(ProjectConfigurationPlatforms) = postSolution
		{73285BE3-E3AF-4F3B-8222-6D7712A2E6BB}.Debug|Any CPU.ActiveCfg = Debug|Any CPU
		{73285BE3-E3AF-4F3B-8222-6D7712A2E6BB}.Debug|Any CPU.Build.0 = Debug|Any CPU
		{73285BE3-E3AF-4F3B-8222-6D7712A2E6BB}.Release|Any CPU.ActiveCfg = Release|Any CPU
		{73285BE3-E3AF-4F3B-8222-6D7712A2E6BB}.Release|Any CPU.Build.0 = Release|Any CPU
		{02661F66-1E34-4A63-B928-0DFF451A0D6C}.Debug|Any CPU.ActiveCfg = Debug|Any CPU
		{02661F66-1E34-4A63-B928-0DFF451A0D6C}.Debug|Any CPU.Build.0 = Debug|Any CPU
		{02661F66-1E34-4A63-B928-0DFF451A0D6C}.Release|Any CPU.ActiveCfg = Release|Any CPU
		{02661F66-1E34-4A63-B928-0DFF451A0D6C}.Release|Any CPU.Build.0 = Release|Any CPU
		{99756127-00EF-41BD-B411-30CE762F09BF}.Debug|Any CPU.ActiveCfg = Debug|Any CPU
		{99756127-00EF-41BD-B411-30CE762F09BF}.Debug|Any CPU.Build.0 = Debug|Any CPU
		{99756127-00EF-41BD-B411-30CE762F09BF}.Release|Any CPU.ActiveCfg = Release|Any CPU
		{99756127-00EF-41BD-B411-30CE762F09BF}.Release|Any CPU.Build.0 = Release|Any CPU
	EndGlobalSection
	GlobalSection(SolutionProperties) = preSolution
		HideSolutionNode = FALSE
	EndGlobalSection
	GlobalSection(ExtensibilityGlobals) = postSolution
		SolutionGuid = {1E502566-DE08-4A44-9991-631971595C23}
	EndGlobalSection
EndGlobal
