
Microsoft Visual Studio Solution File, Format Version 12.00
# Visual Studio Version 16
VisualStudioVersion = 16.0.34601.136
MinimumVisualStudioVersion = 10.0.40219.1
Project("{FAE04EC0-301F-11D3-BF4B-00C04F79EFBC}") = "01. Old Books", "01. Old Books\01. Old Books.csproj", "{73285BE3-E3AF-4F3B-8222-6D7712A2E6BB}"
EndProject
Project("{FAE04EC0-301F-11D3-BF4B-00C04F79EFBC}") = "02. Exam Preparation", "02. Exam Preparation\02. Exam Preparation.csproj", "{02661F66-1E34-4A63-B928-0DFF451A0D6C}"
EndProject
Project("{FAE04EC0-301F-11D3-BF4B-00C04F79EFBC}") = "03. Vacation", "03. Vacation\03. Vacation.csproj", "{99756127-00EF-41BD-B411-30CE762F09BF}"
EndProject
Project("{FAE04EC0-301F-11D3-BF4B-00C04F79EFBC}") = "04. Walking", "04. Walking\04. Walking.csproj", "{5F6563CF-32F1-4EAC-9D28-ABF699DF36AB}"
EndProject
Project("{FAE04EC0-301F-11D3-BF4B-00C04F79EFBC}") = "04. Walking 2", "04. Walking 2\04. Walking 2.csproj", "{5A8D6C72-35D8-484D-834F-3E174373592F}"
EndProject
Project("{FAE04EC0-301F-11D3-BF4B-00C04F79EFBC}") = "04. Walking 3", "04. Walking 3\04. Walking 3.csproj", "{4C34D575-7533-41D9-A95B-7BB778606EEF}"
EndProject
Project("{FAE04EC0-301F-11D3-BF4B-00C04F79EFBC}") = "04. Walking 4", "04. Walking 4\04. Walking 4.csproj", "{DCBF9ACD-A0DD-452A-8157-F64DEF4826E1}"
EndProject
Project("{FAE04EC0-301F-11D3-BF4B-00C04F79EFBC}") = "05. Coins", "05. Coins\05. Coins.csproj", "{8CA5C2F8-E3C2-4A8F-ACC1-04F726313EB0}"
EndProject
Project("{FAE04EC0-301F-11D3-BF4B-00C04F79EFBC}") = "06. Cake", "06. Cake\06. Cake.csproj", "{C844D9D0-3F32-41FA-BBB2-EB0202AA1F8C}"
EndProject
Project("{FAE04EC0-301F-11D3-BF4B-00C04F79EFBC}") = "06. Cake 2", "06. Cake 2\06. Cake 2.csproj", "{ED54D382-EE32-4B1E-81FE-73115874B4A8}"
EndProject
Project("{FAE04EC0-301F-11D3-BF4B-00C04F79EFBC}") = "07. Moving", "07. Moving\07. Moving.csproj", "{E00AE02B-D3AA-4C69-B154-EBC3DB20BD25}"
EndProject
Global
	GlobalSection(SolutionConfigurationPlatforms) = preSolution
		Debug|Any CPU = Debug|Any CPU
		Release|Any CPU = Release|Any CPU
	EndGlobalSection
	GlobalSection(ProjectConfigurationPlatforms) = postSolution
		{73285BE3-E3AF-4F3B-8222-6D7712A2E6BB}.Debug|Any CPU.ActiveCfg = Debug|Any CPU
		{73285BE3-E3AF-4F3B-8222-6D7712A2E6BB}.Debug|Any CPU.Build.0 = Debug|Any CPU
		{73285BE3-E3AF-4F3B-8222-6D7712A2E6BB}.Release|Any CPU.ActiveCfg = Release|Any CPU
		{73285BE3-E3AF-4F3B-8222-6D7712A2E6BB}.Release|Any CPU.Build.0 = Release|Any CPU
		{02661F66-1E34-4A63-B928-0DFF451A0D6C}.Debug|Any CPU.ActiveCfg = Debug|Any CPU
		{02661F66-1E34-4A63-B928-0DFF451A0D6C}.Debug|Any CPU.Build.0 = Debug|Any CPU
		{02661F66-1E34-4A63-B928-0DFF451A0D6C}.Release|Any CPU.ActiveCfg = Release|Any CPU
		{02661F66-1E34-4A63-B928-0DFF451A0D6C}.Release|Any CPU.Build.0 = Release|Any CPU
		{99756127-00EF-41BD-B411-30CE762F09BF}.Debug|Any CPU.ActiveCfg = Debug|Any CPU
		{99756127-00EF-41BD-B411-30CE762F09BF}.Debug|Any CPU.Build.0 = Debug|Any CPU
		{99756127-00EF-41BD-B411-30CE762F09BF}.Release|Any CPU.ActiveCfg = Release|Any CPU
		{99756127-00EF-41BD-B411-30CE762F09BF}.Release|Any CPU.Build.0 = Release|Any CPU
		{5F6563CF-32F1-4EAC-9D28-ABF699DF36AB}.Debug|Any CPU.ActiveCfg = Debug|Any CPU
		{5F6563CF-32F1-4EAC-9D28-ABF699DF36AB}.Debug|Any CPU.Build.0 = Debug|Any CPU
		{5F6563CF-32F1-4EAC-9D28-ABF699DF36AB}.Release|Any CPU.ActiveCfg = Release|Any CPU
		{5F6563CF-32F1-4EAC-9D28-ABF699DF36AB}.Release|Any CPU.Build.0 = Release|Any CPU
		{5A8D6C72-35D8-484D-834F-3E174373592F}.Debug|Any CPU.ActiveCfg = Debug|Any CPU
		{5A8D6C72-35D8-484D-834F-3E174373592F}.Debug|Any CPU.Build.0 = Debug|Any CPU
		{5A8D6C72-35D8-484D-834F-3E174373592F}.Release|Any CPU.ActiveCfg = Release|Any CPU
		{5A8D6C72-35D8-484D-834F-3E174373592F}.Release|Any CPU.Build.0 = Release|Any CPU
		{4C34D575-7533-41D9-A95B-7BB778606EEF}.Debug|Any CPU.ActiveCfg = Debug|Any CPU
		{4C34D575-7533-41D9-A95B-7BB778606EEF}.Debug|Any CPU.Build.0 = Debug|Any CPU
		{4C34D575-7533-41D9-A95B-7BB778606EEF}.Release|Any CPU.ActiveCfg = Release|Any CPU
		{4C34D575-7533-41D9-A95B-7BB778606EEF}.Release|Any CPU.Build.0 = Release|Any CPU
		{DCBF9ACD-A0DD-452A-8157-F64DEF4826E1}.Debug|Any CPU.ActiveCfg = Debug|Any CPU
		{DCBF9ACD-A0DD-452A-8157-F64DEF4826E1}.Debug|Any CPU.Build.0 = Debug|Any CPU
		{DCBF9ACD-A0DD-452A-8157-F64DEF4826E1}.Release|Any CPU.ActiveCfg = Release|Any CPU
		{DCBF9ACD-A0DD-452A-8157-F64DEF4826E1}.Release|Any CPU.Build.0 = Release|Any CPU
		{8CA5C2F8-E3C2-4A8F-ACC1-04F726313EB0}.Debug|Any CPU.ActiveCfg = Debug|Any CPU
		{8CA5C2F8-E3C2-4A8F-ACC1-04F726313EB0}.Debug|Any CPU.Build.0 = Debug|Any CPU
		{8CA5C2F8-E3C2-4A8F-ACC1-04F726313EB0}.Release|Any CPU.ActiveCfg = Release|Any CPU
		{8CA5C2F8-E3C2-4A8F-ACC1-04F726313EB0}.Release|Any CPU.Build.0 = Release|Any CPU
		{C844D9D0-3F32-41FA-BBB2-EB0202AA1F8C}.Debug|Any CPU.ActiveCfg = Debug|Any CPU
		{C844D9D0-3F32-41FA-BBB2-EB0202AA1F8C}.Debug|Any CPU.Build.0 = Debug|Any CPU
		{C844D9D0-3F32-41FA-BBB2-EB0202AA1F8C}.Release|Any CPU.ActiveCfg = Release|Any CPU
		{C844D9D0-3F32-41FA-BBB2-EB0202AA1F8C}.Release|Any CPU.Build.0 = Release|Any CPU
		{ED54D382-EE32-4B1E-81FE-73115874B4A8}.Debug|Any CPU.ActiveCfg = Debug|Any CPU
		{ED54D382-EE32-4B1E-81FE-73115874B4A8}.Debug|Any CPU.Build.0 = Debug|Any CPU
		{ED54D382-EE32-4B1E-81FE-73115874B4A8}.Release|Any CPU.ActiveCfg = Release|Any CPU
		{ED54D382-EE32-4B1E-81FE-73115874B4A8}.Release|Any CPU.Build.0 = Release|Any CPU
		{E00AE02B-D3AA-4C69-B154-EBC3DB20BD25}.Debug|Any CPU.ActiveCfg = Debug|Any CPU
		{E00AE02B-D3AA-4C69-B154-EBC3DB20BD25}.Debug|Any CPU.Build.0 = Debug|Any CPU
		{E00AE02B-D3AA-4C69-B154-EBC3DB20BD25}.Release|Any CPU.ActiveCfg = Release|Any CPU
		{E00AE02B-D3AA-4C69-B154-EBC3DB20BD25}.Release|Any CPU.Build.0 = Release|Any CPU
	EndGlobalSection
	GlobalSection(SolutionProperties) = preSolution
		HideSolutionNode = FALSE
	EndGlobalSection
	GlobalSection(ExtensibilityGlobals) = postSolution
		SolutionGuid = {1E502566-DE08-4A44-9991-631971595C23}
	EndGlobalSection
EndGlobal
